
Microsoft Visual Studio Solution File, Format Version 11.00
# Visual Studio 2010
Project("{FAE04EC0-301F-11D3-BF4B-00C04F79EFBC}") = "Add2N", "Add2N\Add2N.csproj", "{32E8772F-8133-49AC-A457-7B8F12C68F40}"
EndProject
Global
	GlobalSection(SolutionConfigurationPlatforms) = preSolution
		Debug|x86 = Debug|x86
		Release|x86 = Release|x86
	EndGlobalSection
	GlobalSection(ProjectConfigurationPlatforms) = postSolution
		{32E8772F-8133-49AC-A457-7B8F12C68F40}.Debug|x86.ActiveCfg = Debug|x86
		{32E8772F-8133-49AC-A457-7B8F12C68F40}.Debug|x86.Build.0 = Debug|x86
		{32E8772F-8133-49AC-A457-7B8F12C68F40}.Release|x86.ActiveCfg = Release|x86
		{32E8772F-8133-49AC-A457-7B8F12C68F40}.Release|x86.Build.0 = Release|x86
	EndGlobalSection
	GlobalSection(SolutionProperties) = preSolution
		HideSolutionNode = FALSE
	EndGlobalSection
EndGlobal
