
Microsoft Visual Studio Solution File, Format Version 11.00
# Visual Studio 2010
Project("{8BC9CEB8-8B4A-11D0-8D11-00A0C91BC942}") = "Add2N", "Add2N\Add2N.vcxproj", "{0852F422-7BB3-4501-AEF9-3E2F9480A7F7}"
EndProject
Global
	GlobalSection(SolutionConfigurationPlatforms) = preSolution
		Debug|Win32 = Debug|Win32
		Release|Win32 = Release|Win32
	EndGlobalSection
	GlobalSection(ProjectConfigurationPlatforms) = postSolution
		{0852F422-7BB3-4501-AEF9-3E2F9480A7F7}.Debug|Win32.ActiveCfg = Debug|Win32
		{0852F422-7BB3-4501-AEF9-3E2F9480A7F7}.Debug|Win32.Build.0 = Debug|Win32
		{0852F422-7BB3-4501-AEF9-3E2F9480A7F7}.Release|Win32.ActiveCfg = Release|Win32
		{0852F422-7BB3-4501-AEF9-3E2F9480A7F7}.Release|Win32.Build.0 = Release|Win32
	EndGlobalSection
	GlobalSection(SolutionProperties) = preSolution
		HideSolutionNode = FALSE
	EndGlobalSection
EndGlobal
