
Microsoft Visual Studio Solution File, Format Version 11.00
# Visual Studio 2010
Project("{FAE04EC0-301F-11D3-BF4B-00C04F79EFBC}") = "NMCTKS_Group50_Add2N", "NMCTKS_Group50_Add2N\NMCTKS_Group50_Add2N.csproj", "{964A6366-5A48-486C-91AC-BDF38710BBF4}"
EndProject
Global
	GlobalSection(SolutionConfigurationPlatforms) = preSolution
		Debug|x86 = Debug|x86
		Release|x86 = Release|x86
	EndGlobalSection
	GlobalSection(ProjectConfigurationPlatforms) = postSolution
		{964A6366-5A48-486C-91AC-BDF38710BBF4}.Debug|x86.ActiveCfg = Debug|x86
		{964A6366-5A48-486C-91AC-BDF38710BBF4}.Debug|x86.Build.0 = Debug|x86
		{964A6366-5A48-486C-91AC-BDF38710BBF4}.Release|x86.ActiveCfg = Release|x86
		{964A6366-5A48-486C-91AC-BDF38710BBF4}.Release|x86.Build.0 = Release|x86
	EndGlobalSection
	GlobalSection(SolutionProperties) = preSolution
		HideSolutionNode = FALSE
	EndGlobalSection
EndGlobal
