
Microsoft Visual Studio Solution File, Format Version 11.00
# Visual Studio 2010
Project("{8BC9CEB8-8B4A-11D0-8D11-00A0C91BC942}") = "Add2N", "Add2N\Add2N.vcxproj", "{6640B65E-18FC-48A6-9DB7-225A35AAC287}"
EndProject
Global
	GlobalSection(SolutionConfigurationPlatforms) = preSolution
		Debug|Win32 = Debug|Win32
		Release|Win32 = Release|Win32
	EndGlobalSection
	GlobalSection(ProjectConfigurationPlatforms) = postSolution
		{6640B65E-18FC-48A6-9DB7-225A35AAC287}.Debug|Win32.ActiveCfg = Debug|Win32
		{6640B65E-18FC-48A6-9DB7-225A35AAC287}.Debug|Win32.Build.0 = Debug|Win32
		{6640B65E-18FC-48A6-9DB7-225A35AAC287}.Release|Win32.ActiveCfg = Release|Win32
		{6640B65E-18FC-48A6-9DB7-225A35AAC287}.Release|Win32.Build.0 = Release|Win32
	EndGlobalSection
	GlobalSection(SolutionProperties) = preSolution
		HideSolutionNode = FALSE
	EndGlobalSection
EndGlobal
