
Microsoft Visual Studio Solution File, Format Version 11.00
# Visual Studio 2010
Project("{8BC9CEB8-8B4A-11D0-8D11-00A0C91BC942}") = "Add2N", "Add2N\Add2N.vcxproj", "{B62DD81E-803C-4EC0-A2D1-224E68FE65DE}"
EndProject
Global
	GlobalSection(SolutionConfigurationPlatforms) = preSolution
		Debug|Win32 = Debug|Win32
		Release|Win32 = Release|Win32
	EndGlobalSection
	GlobalSection(ProjectConfigurationPlatforms) = postSolution
		{B62DD81E-803C-4EC0-A2D1-224E68FE65DE}.Debug|Win32.ActiveCfg = Debug|Win32
		{B62DD81E-803C-4EC0-A2D1-224E68FE65DE}.Debug|Win32.Build.0 = Debug|Win32
		{B62DD81E-803C-4EC0-A2D1-224E68FE65DE}.Release|Win32.ActiveCfg = Release|Win32
		{B62DD81E-803C-4EC0-A2D1-224E68FE65DE}.Release|Win32.Build.0 = Release|Win32
	EndGlobalSection
	GlobalSection(SolutionProperties) = preSolution
		HideSolutionNode = FALSE
	EndGlobalSection
EndGlobal
