
Microsoft Visual Studio Solution File, Format Version 10.00
# Visual Studio 2008
Project("{FAE04EC0-301F-11D3-BF4B-00C04F79EFBC}") = "ADD2N_NHOM29", "ADD2N_NHOM29\ADD2N_NHOM29.csproj", "{55CC3137-82FC-42CE-B7E0-5DA46C8994F3}"
EndProject
Global
	GlobalSection(SolutionConfigurationPlatforms) = preSolution
		Debug|Any CPU = Debug|Any CPU
		Release|Any CPU = Release|Any CPU
	EndGlobalSection
	GlobalSection(ProjectConfigurationPlatforms) = postSolution
		{55CC3137-82FC-42CE-B7E0-5DA46C8994F3}.Debug|Any CPU.ActiveCfg = Debug|Any CPU
		{55CC3137-82FC-42CE-B7E0-5DA46C8994F3}.Debug|Any CPU.Build.0 = Debug|Any CPU
		{55CC3137-82FC-42CE-B7E0-5DA46C8994F3}.Release|Any CPU.ActiveCfg = Release|Any CPU
		{55CC3137-82FC-42CE-B7E0-5DA46C8994F3}.Release|Any CPU.Build.0 = Release|Any CPU
	EndGlobalSection
	GlobalSection(SolutionProperties) = preSolution
		HideSolutionNode = FALSE
	EndGlobalSection
EndGlobal
