
Microsoft Visual Studio Solution File, Format Version 10.00
# Visual Studio 2008
Project("{FAE04EC0-301F-11D3-BF4B-00C04F79EFBC}") = "Add2N", "Add2N\Add2N.csproj", "{C039C19E-38E0-47C3-A886-6581E7D2C63D}"
EndProject
Global
	GlobalSection(SolutionConfigurationPlatforms) = preSolution
		Debug|Any CPU = Debug|Any CPU
		Release|Any CPU = Release|Any CPU
	EndGlobalSection
	GlobalSection(ProjectConfigurationPlatforms) = postSolution
		{C039C19E-38E0-47C3-A886-6581E7D2C63D}.Debug|Any CPU.ActiveCfg = Debug|Any CPU
		{C039C19E-38E0-47C3-A886-6581E7D2C63D}.Debug|Any CPU.Build.0 = Debug|Any CPU
		{C039C19E-38E0-47C3-A886-6581E7D2C63D}.Release|Any CPU.ActiveCfg = Release|Any CPU
		{C039C19E-38E0-47C3-A886-6581E7D2C63D}.Release|Any CPU.Build.0 = Release|Any CPU
	EndGlobalSection
	GlobalSection(SolutionProperties) = preSolution
		HideSolutionNode = FALSE
	EndGlobalSection
EndGlobal
